
Microsoft Visual Studio Solution File, Format Version 12.00
Project("{FAE04EC0-301F-11D3-BF4B-00C04F79EFBC}") = "Twigor", "Twigor.csproj", "{AB959CFF-63FB-48AF-82DC-DC9EA8C0D463}"
EndProject
Global
	GlobalSection(SolutionConfigurationPlatforms) = preSolution
		Debug|Any CPU = Debug|Any CPU
		Release|Any CPU = Release|Any CPU
	EndGlobalSection
	GlobalSection(ProjectConfigurationPlatforms) = postSolution
		{AB959CFF-63FB-48AF-82DC-DC9EA8C0D463}.Debug|Any CPU.ActiveCfg = Debug|Any CPU
		{AB959CFF-63FB-48AF-82DC-DC9EA8C0D463}.Debug|Any CPU.Build.0 = Debug|Any CPU
		{AB959CFF-63FB-48AF-82DC-DC9EA8C0D463}.Release|Any CPU.ActiveCfg = Release|Any CPU
		{AB959CFF-63FB-48AF-82DC-DC9EA8C0D463}.Release|Any CPU.Build.0 = Release|Any CPU
	EndGlobalSection
EndGlobal
